{
    "_readme": [
        "This file locks the dependencies of your project to a known state",
        "Read more about it at https://getcomposer.org/doc/01-basic-usage.md#installing-dependencies",
        "This file is @generated automatically"
    ],
    "content-hash": "1a51735157621228ff6352160f186021",
    "packages": [
        {
            "name": "dalira-php/controller",
            "version": "dev-main",
            "source": {
                "type": "git",
                "url": "https://github.com/dalira-php/controller.git",
                "reference": "a5b0c8db43db2fbecbc40ef8cc1dc23446a3c92f"
            },
            "dist": {
                "type": "zip",
                "url": "https://api.github.com/repos/dalira-php/controller/zipball/a5b0c8db43db2fbecbc40ef8cc1dc23446a3c92f",
                "reference": "a5b0c8db43db2fbecbc40ef8cc1dc23446a3c92f",
                "shasum": ""
            },
            "require": {
                "php": "^7.4|^8.0"
            },
            "default-branch": true,
            "type": "library",
            "notification-url": "https://packagist.org/downloads/",
            "license": [
                "MIT"
            ],
            "description": "Dalira PHP controller generator library",
            "support": {
                "issues": "https://github.com/dalira-php/controller/issues",
                "source": "https://github.com/dalira-php/controller/tree/main"
            },
            "time": "2025-04-03T05:40:01+00:00"
        },
        {
            "name": "dalira-php/model",
            "version": "v1.0.0",
            "source": {
                "type": "git",
                "url": "https://github.com/dalira-php/model.git",
                "reference": "92d34aafbfaadbf0f06300fb91be9125e1e52dba"
            },
            "dist": {
                "type": "zip",
                "url": "https://api.github.com/repos/dalira-php/model/zipball/92d34aafbfaadbf0f06300fb91be9125e1e52dba",
                "reference": "92d34aafbfaadbf0f06300fb91be9125e1e52dba",
                "shasum": ""
            },
            "require": {
                "php": "^7.4|^8.0"
            },
            "type": "library",
            "notification-url": "https://packagist.org/downloads/",
            "license": [
                "MIT"
            ],
            "description": "Dalira PHP model generator library",
            "support": {
                "issues": "https://github.com/dalira-php/model/issues",
                "source": "https://github.com/dalira-php/model/tree/v1.0.0"
            },
            "time": "2025-04-03T01:37:02+00:00"
        },
        {
            "name": "league/plates",
            "version": "v3.6.0",
            "source": {
                "type": "git",
                "url": "https://github.com/thephpleague/plates.git",
                "reference": "12ee65166adbc6fb5916fb80b0c0758e49a2d996"
            },
            "dist": {
                "type": "zip",
                "url": "https://api.github.com/repos/thephpleague/plates/zipball/12ee65166adbc6fb5916fb80b0c0758e49a2d996",
                "reference": "12ee65166adbc6fb5916fb80b0c0758e49a2d996",
                "shasum": ""
            },
            "require": {
                "php": "^8.0"
            },
            "require-dev": {
                "mikey179/vfsstream": "^1.6",
                "phpunit/phpunit": "^11.4",
                "squizlabs/php_codesniffer": "^3.5"
            },
            "type": "library",
            "extra": {
                "branch-alias": {
                    "dev-master": "3.0-dev"
                }
            },
            "autoload": {
                "psr-4": {
                    "League\\Plates\\": "src"
                }
            },
            "notification-url": "https://packagist.org/downloads/",
            "license": [
                "MIT"
            ],
            "authors": [
                {
                    "name": "Jonathan Reinink",
                    "email": "jonathan@reinink.ca",
                    "role": "Developer"
                },
                {
                    "name": "RJ Garcia",
                    "email": "ragboyjr@icloud.com",
                    "role": "Developer"
                }
            ],
            "description": "Plates, the native PHP template system that's fast, easy to use and easy to extend.",
            "homepage": "https://platesphp.com",
            "keywords": [
                "league",
                "package",
                "templates",
                "templating",
                "views"
            ],
            "support": {
                "issues": "https://github.com/thephpleague/plates/issues",
                "source": "https://github.com/thephpleague/plates/tree/v3.6.0"
            },
            "time": "2024-11-02T15:03:35+00:00"
        }
    ],
    "packages-dev": [],
    "aliases": [],
    "minimum-stability": "stable",
    "stability-flags": {
        "dalira-php/controller": 20
    },
    "prefer-stable": false,
    "prefer-lowest": false,
    "platform": {
        "php": "^7.4|^8.0"
    },
    "platform-dev": {},
    "plugin-api-version": "2.6.0"
}
